
Microsoft Visual Studio Solution File, Format Version 12.00
# Visual Studio Version 17
VisualStudioVersion = 17.4.33205.214
MinimumVisualStudioVersion = 10.0.40219.1
Project("{FAE04EC0-301F-11D3-BF4B-00C04F79EFBC}") = "DogHttp", "DogHttp\DogHttp.csproj", "{03A61138-A2DB-465E-9759-8F833AA1EF24}"
EndProject
Global
	GlobalSection(SolutionConfigurationPlatforms) = preSolution
		Debug|Any CPU = Debug|Any CPU
		Release|Any CPU = Release|Any CPU
	EndGlobalSection
	GlobalSection(ProjectConfigurationPlatforms) = postSolution
		{03A61138-A2DB-465E-9759-8F833AA1EF24}.Debug|Any CPU.ActiveCfg = Debug|Any CPU
		{03A61138-A2DB-465E-9759-8F833AA1EF24}.Debug|Any CPU.Build.0 = Debug|Any CPU
		{03A61138-A2DB-465E-9759-8F833AA1EF24}.Release|Any CPU.ActiveCfg = Release|Any CPU
		{03A61138-A2DB-465E-9759-8F833AA1EF24}.Release|Any CPU.Build.0 = Release|Any CPU
	EndGlobalSection
	GlobalSection(SolutionProperties) = preSolution
		HideSolutionNode = FALSE
	EndGlobalSection
	GlobalSection(ExtensibilityGlobals) = postSolution
		SolutionGuid = {066C67D9-E088-4ADA-9FD4-C78FF5843C4C}
	EndGlobalSection
EndGlobal
